
Microsoft Visual Studio Solution File, Format Version 12.00
# Visual Studio Version 17
VisualStudioVersion = 17.1.32210.238
MinimumVisualStudioVersion = 10.0.40219.1
Project("{FAE04EC0-301F-11D3-BF4B-00C04F79EFBC}") = "dotnetWebAPI", "dotnetWebAPI.csproj", "{E1BABAA0-E93B-4935-B14C-EE5075833368}"
EndProject
Global
	GlobalSection(SolutionConfigurationPlatforms) = preSolution
		Debug|Any CPU = Debug|Any CPU
		Release|Any CPU = Release|Any CPU
	EndGlobalSection
	GlobalSection(ProjectConfigurationPlatforms) = postSolution
		{E1BABAA0-E93B-4935-B14C-EE5075833368}.Debug|Any CPU.ActiveCfg = Debug|Any CPU
		{E1BABAA0-E93B-4935-B14C-EE5075833368}.Debug|Any CPU.Build.0 = Debug|Any CPU
		{E1BABAA0-E93B-4935-B14C-EE5075833368}.Release|Any CPU.ActiveCfg = Release|Any CPU
		{E1BABAA0-E93B-4935-B14C-EE5075833368}.Release|Any CPU.Build.0 = Release|Any CPU
	EndGlobalSection
	GlobalSection(SolutionProperties) = preSolution
		HideSolutionNode = FALSE
	EndGlobalSection
	GlobalSection(ExtensibilityGlobals) = postSolution
		SolutionGuid = {C49438C8-4319-45B0-A805-8252BE9011E8}
	EndGlobalSection
EndGlobal
